
Microsoft Visual Studio Solution File, Format Version 12.00
# Visual Studio 14
VisualStudioVersion = 14.0.25420.1
MinimumVisualStudioVersion = 10.0.40219.1
Project("{8BC9CEB8-8B4A-11D0-8D11-00A0C91BC942}") = "garyScale_3-20-4-50", "garyScale_3-20-4-50\garyScale_3-20-4-50.vcxproj", "{5CBF47F1-999C-4C99-BB1C-19AFC698DFBE}"
EndProject
Project("{8BC9CEB8-8B4A-11D0-8D11-00A0C91BC942}") = "trackbar", "trackbar\trackbar.vcxproj", "{C823D489-B5CB-4C9D-BE98-D079CC8DB7DC}"
EndProject
Project("{8BC9CEB8-8B4A-11D0-8D11-00A0C91BC942}") = "mouse-3-21-6-23-PM", "mouse-3-21-6-23-PM\mouse-3-21-6-23-PM.vcxproj", "{8765BF9E-E586-4775-A063-67352BDFCF3F}"
EndProject
Project("{8BC9CEB8-8B4A-11D0-8D11-00A0C91BC942}") = "SVM001", "SVM001\SVM001.vcxproj", "{C6F24A49-47C6-44E4-9269-96AC23C4E4F4}"
EndProject
Project("{8BC9CEB8-8B4A-11D0-8D11-00A0C91BC942}") = "00Test", "00Test\00Test.vcxproj", "{5DF4C05E-18C0-442D-8799-10810F81DAE8}"
EndProject
Project("{8BC9CEB8-8B4A-11D0-8D11-00A0C91BC942}") = "SVM002", "SVM002\SVM002.vcxproj", "{A74D41AB-11C7-4E4C-9744-DDC0665230D3}"
EndProject
Project("{8BC9CEB8-8B4A-11D0-8D11-00A0C91BC942}") = "SVM_mnist", "SVM_mnist\SVM_mnist.vcxproj", "{C20F9315-20AE-4071-8755-9B4C77F920F8}"
EndProject
Project("{8BC9CEB8-8B4A-11D0-8D11-00A0C91BC942}") = "Mnist", "Mnist\Mnist.vcxproj", "{3E1575B0-E789-4BD7-81E1-1062EB6D7C90}"
EndProject
Global
	GlobalSection(SolutionConfigurationPlatforms) = preSolution
		Debug|x64 = Debug|x64
		Debug|x86 = Debug|x86
		Release|x64 = Release|x64
		Release|x86 = Release|x86
	EndGlobalSection
	GlobalSection(ProjectConfigurationPlatforms) = postSolution
		{5CBF47F1-999C-4C99-BB1C-19AFC698DFBE}.Debug|x64.ActiveCfg = Debug|x64
		{5CBF47F1-999C-4C99-BB1C-19AFC698DFBE}.Debug|x64.Build.0 = Debug|x64
		{5CBF47F1-999C-4C99-BB1C-19AFC698DFBE}.Debug|x86.ActiveCfg = Debug|Win32
		{5CBF47F1-999C-4C99-BB1C-19AFC698DFBE}.Debug|x86.Build.0 = Debug|Win32
		{5CBF47F1-999C-4C99-BB1C-19AFC698DFBE}.Release|x64.ActiveCfg = Release|x64
		{5CBF47F1-999C-4C99-BB1C-19AFC698DFBE}.Release|x64.Build.0 = Release|x64
		{5CBF47F1-999C-4C99-BB1C-19AFC698DFBE}.Release|x86.ActiveCfg = Release|Win32
		{5CBF47F1-999C-4C99-BB1C-19AFC698DFBE}.Release|x86.Build.0 = Release|Win32
		{C823D489-B5CB-4C9D-BE98-D079CC8DB7DC}.Debug|x64.ActiveCfg = Debug|x64
		{C823D489-B5CB-4C9D-BE98-D079CC8DB7DC}.Debug|x64.Build.0 = Debug|x64
		{C823D489-B5CB-4C9D-BE98-D079CC8DB7DC}.Debug|x86.ActiveCfg = Debug|Win32
		{C823D489-B5CB-4C9D-BE98-D079CC8DB7DC}.Debug|x86.Build.0 = Debug|Win32
		{C823D489-B5CB-4C9D-BE98-D079CC8DB7DC}.Release|x64.ActiveCfg = Release|x64
		{C823D489-B5CB-4C9D-BE98-D079CC8DB7DC}.Release|x64.Build.0 = Release|x64
		{C823D489-B5CB-4C9D-BE98-D079CC8DB7DC}.Release|x86.ActiveCfg = Release|Win32
		{C823D489-B5CB-4C9D-BE98-D079CC8DB7DC}.Release|x86.Build.0 = Release|Win32
		{8765BF9E-E586-4775-A063-67352BDFCF3F}.Debug|x64.ActiveCfg = Debug|x64
		{8765BF9E-E586-4775-A063-67352BDFCF3F}.Debug|x64.Build.0 = Debug|x64
		{8765BF9E-E586-4775-A063-67352BDFCF3F}.Debug|x86.ActiveCfg = Debug|Win32
		{8765BF9E-E586-4775-A063-67352BDFCF3F}.Debug|x86.Build.0 = Debug|Win32
		{8765BF9E-E586-4775-A063-67352BDFCF3F}.Release|x64.ActiveCfg = Release|x64
		{8765BF9E-E586-4775-A063-67352BDFCF3F}.Release|x64.Build.0 = Release|x64
		{8765BF9E-E586-4775-A063-67352BDFCF3F}.Release|x86.ActiveCfg = Release|Win32
		{8765BF9E-E586-4775-A063-67352BDFCF3F}.Release|x86.Build.0 = Release|Win32
		{C6F24A49-47C6-44E4-9269-96AC23C4E4F4}.Debug|x64.ActiveCfg = Debug|x64
		{C6F24A49-47C6-44E4-9269-96AC23C4E4F4}.Debug|x64.Build.0 = Debug|x64
		{C6F24A49-47C6-44E4-9269-96AC23C4E4F4}.Debug|x86.ActiveCfg = Debug|Win32
		{C6F24A49-47C6-44E4-9269-96AC23C4E4F4}.Debug|x86.Build.0 = Debug|Win32
		{C6F24A49-47C6-44E4-9269-96AC23C4E4F4}.Release|x64.ActiveCfg = Release|x64
		{C6F24A49-47C6-44E4-9269-96AC23C4E4F4}.Release|x64.Build.0 = Release|x64
		{C6F24A49-47C6-44E4-9269-96AC23C4E4F4}.Release|x86.ActiveCfg = Release|Win32
		{C6F24A49-47C6-44E4-9269-96AC23C4E4F4}.Release|x86.Build.0 = Release|Win32
		{5DF4C05E-18C0-442D-8799-10810F81DAE8}.Debug|x64.ActiveCfg = Debug|x64
		{5DF4C05E-18C0-442D-8799-10810F81DAE8}.Debug|x64.Build.0 = Debug|x64
		{5DF4C05E-18C0-442D-8799-10810F81DAE8}.Debug|x86.ActiveCfg = Debug|Win32
		{5DF4C05E-18C0-442D-8799-10810F81DAE8}.Debug|x86.Build.0 = Debug|Win32
		{5DF4C05E-18C0-442D-8799-10810F81DAE8}.Release|x64.ActiveCfg = Release|x64
		{5DF4C05E-18C0-442D-8799-10810F81DAE8}.Release|x64.Build.0 = Release|x64
		{5DF4C05E-18C0-442D-8799-10810F81DAE8}.Release|x86.ActiveCfg = Release|Win32
		{5DF4C05E-18C0-442D-8799-10810F81DAE8}.Release|x86.Build.0 = Release|Win32
		{A74D41AB-11C7-4E4C-9744-DDC0665230D3}.Debug|x64.ActiveCfg = Debug|x64
		{A74D41AB-11C7-4E4C-9744-DDC0665230D3}.Debug|x64.Build.0 = Debug|x64
		{A74D41AB-11C7-4E4C-9744-DDC0665230D3}.Debug|x86.ActiveCfg = Debug|Win32
		{A74D41AB-11C7-4E4C-9744-DDC0665230D3}.Debug|x86.Build.0 = Debug|Win32
		{A74D41AB-11C7-4E4C-9744-DDC0665230D3}.Release|x64.ActiveCfg = Release|x64
		{A74D41AB-11C7-4E4C-9744-DDC0665230D3}.Release|x64.Build.0 = Release|x64
		{A74D41AB-11C7-4E4C-9744-DDC0665230D3}.Release|x86.ActiveCfg = Release|Win32
		{A74D41AB-11C7-4E4C-9744-DDC0665230D3}.Release|x86.Build.0 = Release|Win32
		{C20F9315-20AE-4071-8755-9B4C77F920F8}.Debug|x64.ActiveCfg = Debug|x64
		{C20F9315-20AE-4071-8755-9B4C77F920F8}.Debug|x64.Build.0 = Debug|x64
		{C20F9315-20AE-4071-8755-9B4C77F920F8}.Debug|x86.ActiveCfg = Debug|Win32
		{C20F9315-20AE-4071-8755-9B4C77F920F8}.Debug|x86.Build.0 = Debug|Win32
		{C20F9315-20AE-4071-8755-9B4C77F920F8}.Release|x64.ActiveCfg = Release|x64
		{C20F9315-20AE-4071-8755-9B4C77F920F8}.Release|x64.Build.0 = Release|x64
		{C20F9315-20AE-4071-8755-9B4C77F920F8}.Release|x86.ActiveCfg = Release|Win32
		{C20F9315-20AE-4071-8755-9B4C77F920F8}.Release|x86.Build.0 = Release|Win32
		{3E1575B0-E789-4BD7-81E1-1062EB6D7C90}.Debug|x64.ActiveCfg = Debug|x64
		{3E1575B0-E789-4BD7-81E1-1062EB6D7C90}.Debug|x64.Build.0 = Debug|x64
		{3E1575B0-E789-4BD7-81E1-1062EB6D7C90}.Debug|x86.ActiveCfg = Debug|Win32
		{3E1575B0-E789-4BD7-81E1-1062EB6D7C90}.Debug|x86.Build.0 = Debug|Win32
		{3E1575B0-E789-4BD7-81E1-1062EB6D7C90}.Release|x64.ActiveCfg = Release|x64
		{3E1575B0-E789-4BD7-81E1-1062EB6D7C90}.Release|x64.Build.0 = Release|x64
		{3E1575B0-E789-4BD7-81E1-1062EB6D7C90}.Release|x86.ActiveCfg = Release|Win32
		{3E1575B0-E789-4BD7-81E1-1062EB6D7C90}.Release|x86.Build.0 = Release|Win32
	EndGlobalSection
	GlobalSection(SolutionProperties) = preSolution
		HideSolutionNode = FALSE
	EndGlobalSection
EndGlobal
